Microsoft Visual Studio Solution File, Format Version 12.00
# Visual Studio Version 17
VisualStudioVersion = 17.1.32421.90
MinimumVisualStudioVersion = 10.0.40219.1
Project("{9A19103F-16F7-4668-BE54-9A1E7A4F7556}") = "NcpAdminBlazor.ApiService", "src\NcpAdminBlazor.ApiService\NcpAdminBlazor.ApiService.csproj", "{654F99A0-E0E5-4B4D-8FBF-3412C8C1B659}"
EndProject
Project("{9A19103F-16F7-4668-BE54-9A1E7A4F7556}") = "NcpAdminBlazor.Domain", "src\NcpAdminBlazor.Domain\NcpAdminBlazor.Domain.csproj", "{0AD006F0-DC03-431A-A83D-707C27923D13}"
EndProject
Project("{9A19103F-16F7-4668-BE54-9A1E7A4F7556}") = "NcpAdminBlazor.Infrastructure", "src\NcpAdminBlazor.Infrastructure\NcpAdminBlazor.Infrastructure.csproj", "{85845ACB-3D0E-436B-8FE1-4EA3263886DF}"
EndProject
Project("{2150E333-8FDC-42A3-9474-1A3956D46DE8}") = "Solution Items", "Solution Items", "{EAA07EA8-9E41-4B8F-AFC5-6C5D23801307}"
	ProjectSection(SolutionItems) = preProject
		Directory.Build.props = Directory.Build.props
		Directory.Build.targets = Directory.Build.targets
		global.json = global.json
		NuGet.config = NuGet.config
		README.md = README.md
		eng\versions.props = eng\versions.props
		Directory.Packages.props = Directory.Packages.props
	EndProjectSection
EndProject
Project("{2150E333-8FDC-42A3-9474-1A3956D46DE8}") = "test", "test", "{5C6B3693-7A37-4ABF-A217-8EDA0B51F742}"
EndProject
Project("{9A19103F-16F7-4668-BE54-9A1E7A4F7556}") = "NcpAdminBlazor.Domain.Tests", "test\NcpAdminBlazor.Domain.Tests\NcpAdminBlazor.Domain.Tests.csproj", "{7D7959A4-5875-44E3-81FB-B4C6E5FE59DA}"
EndProject
Project("{9A19103F-16F7-4668-BE54-9A1E7A4F7556}") = "NcpAdminBlazor.Infrastructure.Tests", "test\NcpAdminBlazor.Infrastructure.Tests\NcpAdminBlazor.Infrastructure.Tests.csproj", "{0AB6D561-D07F-4833-BB91-D87EFC8485C4}"
EndProject
Project("{9A19103F-16F7-4668-BE54-9A1E7A4F7556}") = "NcpAdminBlazor.ApiService.Tests", "test\NcpAdminBlazor.ApiService.Tests\NcpAdminBlazor.ApiService.Tests.csproj", "{64AD4028-B7DA-4858-964D-26977C1A5EA9}"
EndProject
Project("{2150E333-8FDC-42A3-9474-1A3956D46DE8}") = "src", "src", "{D8FA34CE-25DA-4E6F-AD50-1EAD1F33F9F1}"
EndProject
Project("{FAE04EC0-301F-11D3-BF4B-00C04F79EFBC}") = "NcpAdminBlazor.Client", "src\NcpAdminBlazor.Client\NcpAdminBlazor.Client.csproj", "{57556BBE-AB61-41F6-911B-DFBD9391E000}"
EndProject
Project("{FAE04EC0-301F-11D3-BF4B-00C04F79EFBC}") = "NcpAdminBlazor.Shared", "src\NcpAdminBlazor.Shared\NcpAdminBlazor.Shared.csproj", "{0225CA60-C132-4919-8346-A1C0E778624A}"
EndProject
Project("{FAE04EC0-301F-11D3-BF4B-00C04F79EFBC}") = "NcpAdminBlazor.AppHost", "src\NcpAdminBlazor.AppHost\NcpAdminBlazor.AppHost.csproj", "{287B7FDA-B666-4ED6-A342-FA46B2F147A6}"
EndProject
Project("{FAE04EC0-301F-11D3-BF4B-00C04F79EFBC}") = "NcpAdminBlazor.ServiceDefaults", "src\NcpAdminBlazor.ServiceDefaults\NcpAdminBlazor.ServiceDefaults.csproj", "{A205A130-F640-4213-8F98-F5EA60371846}"
EndProject
Project("{FAE04EC0-301F-11D3-BF4B-00C04F79EFBC}") = "NcpAdminBlazor.Web", "src\NcpAdminBlazor.Web\NcpAdminBlazor.Web.csproj", "{18332477-F3F8-4630-88EC-F757EE460925}"
EndProject
Project("{FAE04EC0-301F-11D3-BF4B-00C04F79EFBC}") = "NcpAdminBlazor.MigrationService", "src\NcpAdminBlazor.MigrationService\NcpAdminBlazor.MigrationService.csproj", "{F0221644-5F9B-4CE9-B2AF-C34AFE6E9A94}"
EndProject
Project("{9A19103F-16F7-4668-BE54-9A1E7A4F7556}") = "NcpAdminBlazor.Client.Tests", "test\NcpAdminBlazor.Client.Tests\NcpAdminBlazor.Client.Tests.csproj", "{9E7B7C37-2C69-4A44-9B6D-7F5B2E5E2A6A}"
EndProject
Global
	GlobalSection(SolutionConfigurationPlatforms) = preSolution
		Debug|Any CPU = Debug|Any CPU
		Release|Any CPU = Release|Any CPU
	EndGlobalSection
	GlobalSection(ProjectConfigurationPlatforms) = postSolution
		{654F99A0-E0E5-4B4D-8FBF-3412C8C1B659}.Debug|Any CPU.ActiveCfg = Debug|Any CPU
		{654F99A0-E0E5-4B4D-8FBF-3412C8C1B659}.Debug|Any CPU.Build.0 = Debug|Any CPU
		{654F99A0-E0E5-4B4D-8FBF-3412C8C1B659}.Release|Any CPU.ActiveCfg = Release|Any CPU
		{654F99A0-E0E5-4B4D-8FBF-3412C8C1B659}.Release|Any CPU.Build.0 = Release|Any CPU
		{0AD006F0-DC03-431A-A83D-707C27923D13}.Debug|Any CPU.ActiveCfg = Debug|Any CPU
		{0AD006F0-DC03-431A-A83D-707C27923D13}.Debug|Any CPU.Build.0 = Debug|Any CPU
		{0AD006F0-DC03-431A-A83D-707C27923D13}.Release|Any CPU.ActiveCfg = Release|Any CPU
		{0AD006F0-DC03-431A-A83D-707C27923D13}.Release|Any CPU.Build.0 = Release|Any CPU
		{85845ACB-3D0E-436B-8FE1-4EA3263886DF}.Debug|Any CPU.ActiveCfg = Debug|Any CPU
		{85845ACB-3D0E-436B-8FE1-4EA3263886DF}.Debug|Any CPU.Build.0 = Debug|Any CPU
		{85845ACB-3D0E-436B-8FE1-4EA3263886DF}.Release|Any CPU.ActiveCfg = Release|Any CPU
		{85845ACB-3D0E-436B-8FE1-4EA3263886DF}.Release|Any CPU.Build.0 = Release|Any CPU
		{7D7959A4-5875-44E3-81FB-B4C6E5FE59DA}.Debug|Any CPU.ActiveCfg = Debug|Any CPU
		{7D7959A4-5875-44E3-81FB-B4C6E5FE59DA}.Debug|Any CPU.Build.0 = Debug|Any CPU
		{7D7959A4-5875-44E3-81FB-B4C6E5FE59DA}.Release|Any CPU.ActiveCfg = Release|Any CPU
		{7D7959A4-5875-44E3-81FB-B4C6E5FE59DA}.Release|Any CPU.Build.0 = Release|Any CPU
		{0AB6D561-D07F-4833-BB91-D87EFC8485C4}.Debug|Any CPU.ActiveCfg = Debug|Any CPU
		{0AB6D561-D07F-4833-BB91-D87EFC8485C4}.Debug|Any CPU.Build.0 = Debug|Any CPU
		{0AB6D561-D07F-4833-BB91-D87EFC8485C4}.Release|Any CPU.ActiveCfg = Release|Any CPU
		{0AB6D561-D07F-4833-BB91-D87EFC8485C4}.Release|Any CPU.Build.0 = Release|Any CPU
		{64AD4028-B7DA-4858-964D-26977C1A5EA9}.Debug|Any CPU.ActiveCfg = Debug|Any CPU
		{64AD4028-B7DA-4858-964D-26977C1A5EA9}.Debug|Any CPU.Build.0 = Debug|Any CPU
		{64AD4028-B7DA-4858-964D-26977C1A5EA9}.Release|Any CPU.ActiveCfg = Release|Any CPU
		{64AD4028-B7DA-4858-964D-26977C1A5EA9}.Release|Any CPU.Build.0 = Release|Any CPU
		{57556BBE-AB61-41F6-911B-DFBD9391E000}.Debug|Any CPU.ActiveCfg = Debug|Any CPU
		{57556BBE-AB61-41F6-911B-DFBD9391E000}.Debug|Any CPU.Build.0 = Debug|Any CPU
		{57556BBE-AB61-41F6-911B-DFBD9391E000}.Release|Any CPU.ActiveCfg = Release|Any CPU
		{57556BBE-AB61-41F6-911B-DFBD9391E000}.Release|Any CPU.Build.0 = Release|Any CPU
		{0225CA60-C132-4919-8346-A1C0E778624A}.Debug|Any CPU.ActiveCfg = Debug|Any CPU
		{0225CA60-C132-4919-8346-A1C0E778624A}.Debug|Any CPU.Build.0 = Debug|Any CPU
		{0225CA60-C132-4919-8346-A1C0E778624A}.Release|Any CPU.ActiveCfg = Release|Any CPU
		{0225CA60-C132-4919-8346-A1C0E778624A}.Release|Any CPU.Build.0 = Release|Any CPU
		{287B7FDA-B666-4ED6-A342-FA46B2F147A6}.Debug|Any CPU.ActiveCfg = Debug|Any CPU
		{287B7FDA-B666-4ED6-A342-FA46B2F147A6}.Debug|Any CPU.Build.0 = Debug|Any CPU
		{287B7FDA-B666-4ED6-A342-FA46B2F147A6}.Release|Any CPU.ActiveCfg = Release|Any CPU
		{287B7FDA-B666-4ED6-A342-FA46B2F147A6}.Release|Any CPU.Build.0 = Release|Any CPU
		{A205A130-F640-4213-8F98-F5EA60371846}.Debug|Any CPU.ActiveCfg = Debug|Any CPU
		{A205A130-F640-4213-8F98-F5EA60371846}.Debug|Any CPU.Build.0 = Debug|Any CPU
		{A205A130-F640-4213-8F98-F5EA60371846}.Release|Any CPU.ActiveCfg = Release|Any CPU
		{A205A130-F640-4213-8F98-F5EA60371846}.Release|Any CPU.Build.0 = Release|Any CPU
		{18332477-F3F8-4630-88EC-F757EE460925}.Debug|Any CPU.ActiveCfg = Debug|Any CPU
		{18332477-F3F8-4630-88EC-F757EE460925}.Debug|Any CPU.Build.0 = Debug|Any CPU
		{18332477-F3F8-4630-88EC-F757EE460925}.Release|Any CPU.ActiveCfg = Release|Any CPU
		{18332477-F3F8-4630-88EC-F757EE460925}.Release|Any CPU.Build.0 = Release|Any CPU
		{F0221644-5F9B-4CE9-B2AF-C34AFE6E9A94}.Debug|Any CPU.ActiveCfg = Debug|Any CPU
		{F0221644-5F9B-4CE9-B2AF-C34AFE6E9A94}.Debug|Any CPU.Build.0 = Debug|Any CPU
		{F0221644-5F9B-4CE9-B2AF-C34AFE6E9A94}.Release|Any CPU.ActiveCfg = Release|Any CPU
		{F0221644-5F9B-4CE9-B2AF-C34AFE6E9A94}.Release|Any CPU.Build.0 = Release|Any CPU
		{9E7B7C37-2C69-4A44-9B6D-7F5B2E5E2A6A}.Debug|Any CPU.ActiveCfg = Debug|Any CPU
		{9E7B7C37-2C69-4A44-9B6D-7F5B2E5E2A6A}.Debug|Any CPU.Build.0 = Debug|Any CPU
		{9E7B7C37-2C69-4A44-9B6D-7F5B2E5E2A6A}.Release|Any CPU.ActiveCfg = Release|Any CPU
		{9E7B7C37-2C69-4A44-9B6D-7F5B2E5E2A6A}.Release|Any CPU.Build.0 = Release|Any CPU
	EndGlobalSection
	GlobalSection(SolutionProperties) = preSolution
		HideSolutionNode = FALSE
	EndGlobalSection
	GlobalSection(NestedProjects) = preSolution
		{654F99A0-E0E5-4B4D-8FBF-3412C8C1B659} = {D8FA34CE-25DA-4E6F-AD50-1EAD1F33F9F1}
		{0AD006F0-DC03-431A-A83D-707C27923D13} = {D8FA34CE-25DA-4E6F-AD50-1EAD1F33F9F1}
		{85845ACB-3D0E-436B-8FE1-4EA3263886DF} = {D8FA34CE-25DA-4E6F-AD50-1EAD1F33F9F1}
		{7D7959A4-5875-44E3-81FB-B4C6E5FE59DA} = {5C6B3693-7A37-4ABF-A217-8EDA0B51F742}
		{0AB6D561-D07F-4833-BB91-D87EFC8485C4} = {5C6B3693-7A37-4ABF-A217-8EDA0B51F742}
		{64AD4028-B7DA-4858-964D-26977C1A5EA9} = {5C6B3693-7A37-4ABF-A217-8EDA0B51F742}
		{57556BBE-AB61-41F6-911B-DFBD9391E000} = {D8FA34CE-25DA-4E6F-AD50-1EAD1F33F9F1}
		{0225CA60-C132-4919-8346-A1C0E778624A} = {D8FA34CE-25DA-4E6F-AD50-1EAD1F33F9F1}
		{287B7FDA-B666-4ED6-A342-FA46B2F147A6} = {D8FA34CE-25DA-4E6F-AD50-1EAD1F33F9F1}
		{A205A130-F640-4213-8F98-F5EA60371846} = {D8FA34CE-25DA-4E6F-AD50-1EAD1F33F9F1}
		{18332477-F3F8-4630-88EC-F757EE460925} = {D8FA34CE-25DA-4E6F-AD50-1EAD1F33F9F1}
		{F0221644-5F9B-4CE9-B2AF-C34AFE6E9A94} = {D8FA34CE-25DA-4E6F-AD50-1EAD1F33F9F1}
		{9E7B7C37-2C69-4A44-9B6D-7F5B2E5E2A6A} = {5C6B3693-7A37-4ABF-A217-8EDA0B51F742}
	EndGlobalSection
	GlobalSection(ExtensibilityGlobals) = postSolution
		SolutionGuid = {E6FD5C45-63B8-458D-8CFA-7ACFD729624C}
	EndGlobalSection
EndGlobal
